
Microsoft Visual Studio Solution File, Format Version 12.00
# Visual Studio Version 17
VisualStudioVersion = 17.0.31903.59
MinimumVisualStudioVersion = 10.0.40219.1
Project("{9A19103F-16F7-4668-BE54-9A1E7A4F7556}") = "Northwind.WebApi", "Northwind.WebApi\Northwind.WebApi.csproj", "{BD117919-E249-41E6-8F84-3422026A6CCE}"
EndProject
Project("{9A19103F-16F7-4668-BE54-9A1E7A4F7556}") = "Northwind.Domain", "Northwind.Domain\Northwind.Domain.csproj", "{63EF61D9-66F2-4CEC-886A-181F4E851874}"
EndProject
Project("{9A19103F-16F7-4668-BE54-9A1E7A4F7556}") = "Northwind.Service", "Northwind.Service\Northwind.Service.csproj", "{DB7677B7-D74B-42AF-9C80-BA4AB760F558}"
EndProject
Project("{FAE04EC0-301F-11D3-BF4B-00C04F79EFBC}") = "Benchmark", "Benchmark\Benchmark.csproj", "{094F6BB5-D06C-4A64-B605-0AD1B7A5CE69}"
EndProject
Global
	GlobalSection(SolutionConfigurationPlatforms) = preSolution
		Debug|Any CPU = Debug|Any CPU
		Release|Any CPU = Release|Any CPU
	EndGlobalSection
	GlobalSection(ProjectConfigurationPlatforms) = postSolution
		{BD117919-E249-41E6-8F84-3422026A6CCE}.Debug|Any CPU.ActiveCfg = Debug|Any CPU
		{BD117919-E249-41E6-8F84-3422026A6CCE}.Debug|Any CPU.Build.0 = Debug|Any CPU
		{BD117919-E249-41E6-8F84-3422026A6CCE}.Release|Any CPU.ActiveCfg = Release|Any CPU
		{BD117919-E249-41E6-8F84-3422026A6CCE}.Release|Any CPU.Build.0 = Release|Any CPU
		{63EF61D9-66F2-4CEC-886A-181F4E851874}.Debug|Any CPU.ActiveCfg = Debug|Any CPU
		{63EF61D9-66F2-4CEC-886A-181F4E851874}.Debug|Any CPU.Build.0 = Debug|Any CPU
		{63EF61D9-66F2-4CEC-886A-181F4E851874}.Release|Any CPU.ActiveCfg = Release|Any CPU
		{63EF61D9-66F2-4CEC-886A-181F4E851874}.Release|Any CPU.Build.0 = Release|Any CPU
		{DB7677B7-D74B-42AF-9C80-BA4AB760F558}.Debug|Any CPU.ActiveCfg = Debug|Any CPU
		{DB7677B7-D74B-42AF-9C80-BA4AB760F558}.Debug|Any CPU.Build.0 = Debug|Any CPU
		{DB7677B7-D74B-42AF-9C80-BA4AB760F558}.Release|Any CPU.ActiveCfg = Release|Any CPU
		{DB7677B7-D74B-42AF-9C80-BA4AB760F558}.Release|Any CPU.Build.0 = Release|Any CPU
		{094F6BB5-D06C-4A64-B605-0AD1B7A5CE69}.Debug|Any CPU.ActiveCfg = Debug|Any CPU
		{094F6BB5-D06C-4A64-B605-0AD1B7A5CE69}.Debug|Any CPU.Build.0 = Debug|Any CPU
		{094F6BB5-D06C-4A64-B605-0AD1B7A5CE69}.Release|Any CPU.ActiveCfg = Release|Any CPU
		{094F6BB5-D06C-4A64-B605-0AD1B7A5CE69}.Release|Any CPU.Build.0 = Release|Any CPU
	EndGlobalSection
	GlobalSection(SolutionProperties) = preSolution
		HideSolutionNode = FALSE
	EndGlobalSection
	GlobalSection(ExtensibilityGlobals) = postSolution
		SolutionGuid = {87553B94-046A-408C-AE78-A7257DED43C9}
	EndGlobalSection
EndGlobal
